
Microsoft Visual Studio Solution File, Format Version 12.00
# Visual Studio 15
VisualStudioVersion = 15.0.28307.572
MinimumVisualStudioVersion = 10.0.40219.1
Project("{FAE04EC0-301F-11D3-BF4B-00C04F79EFBC}") = "PersonalAssistent", "PersonalAssistent\PersonalAssistent.csproj", "{ABE338C0-39DA-4C30-A052-14B0E2FABE38}"
EndProject
Global
	GlobalSection(SolutionConfigurationPlatforms) = preSolution
		Debug|Any CPU = Debug|Any CPU
		Release|Any CPU = Release|Any CPU
	EndGlobalSection
	GlobalSection(ProjectConfigurationPlatforms) = postSolution
		{ABE338C0-39DA-4C30-A052-14B0E2FABE38}.Debug|Any CPU.ActiveCfg = Debug|Any CPU
		{ABE338C0-39DA-4C30-A052-14B0E2FABE38}.Debug|Any CPU.Build.0 = Debug|Any CPU
		{ABE338C0-39DA-4C30-A052-14B0E2FABE38}.Release|Any CPU.ActiveCfg = Release|Any CPU
		{ABE338C0-39DA-4C30-A052-14B0E2FABE38}.Release|Any CPU.Build.0 = Release|Any CPU
	EndGlobalSection
	GlobalSection(SolutionProperties) = preSolution
		HideSolutionNode = FALSE
	EndGlobalSection
	GlobalSection(ExtensibilityGlobals) = postSolution
		SolutionGuid = {2933D63E-2632-472B-9704-27DD7FF5B5AD}
	EndGlobalSection
EndGlobal
